{
  "nodes": {
    "flake-utils": {
      "inputs": {
        "systems": "systems"
      },
      "locked": {
        "lastModified": 1731533236,
        "narHash": "sha256-l0KFg5HjrsfsO/JpG+r7fRrqm12kzFHyUHqHCVpMMbI=",
        "owner": "numtide",
        "repo": "flake-utils",
        "rev": "11707dc2f618dd54ca8739b309ec4fc024de578b",
        "type": "github"
      },
      "original": {
        "owner": "numtide",
        "repo": "flake-utils",
        "type": "github"
      }
    },
    "nix-github-actions": {
      "inputs": {
        "nixpkgs": [
          "west2nix",
          "zephyr-nix",
          "nixpkgs"
        ]
      },
      "locked": {
        "lastModified": 1737420293,
        "narHash": "sha256-F1G5ifvqTpJq7fdkT34e/Jy9VCyzd5XfJ9TO8fHhJWE=",
        "owner": "nix-community",
        "repo": "nix-github-actions",
        "rev": "f4158fa080ef4503c8f4c820967d946c2af31ec9",
        "type": "github"
      },
      "original": {
        "owner": "nix-community",
        "repo": "nix-github-actions",
        "type": "github"
      }
    },
    "nixpkgs": {
      "locked": {
        "lastModified": 1775888245,
        "narHash": "sha256-nwASzrRDD1JBEu/o8ekKYEXm/oJW6EMCzCRdrwcLe90=",
        "owner": "NixOS",
        "repo": "nixpkgs",
        "rev": "13043924aaa7375ce482ebe2494338e058282925",
        "type": "github"
      },
      "original": {
        "owner": "NixOS",
        "ref": "nixpkgs-unstable",
        "repo": "nixpkgs",
        "type": "github"
      }
    },
    "pyproject-nix": {
      "inputs": {
        "nixpkgs": [
          "west2nix",
          "zephyr-nix",
          "nixpkgs"
        ]
      },
      "locked": {
        "lastModified": 1753773975,
        "narHash": "sha256-r0NuyhyLUeLe/kSr+u2VFGjHFdccBJckZyFt74MYL5A=",
        "owner": "nix-community",
        "repo": "pyproject.nix",
        "rev": "62cc4495b3b2d2a259db321a06584378e93843a6",
        "type": "github"
      },
      "original": {
        "owner": "nix-community",
        "repo": "pyproject.nix",
        "type": "github"
      }
    },
    "root": {
      "inputs": {
        "flake-utils": "flake-utils",
        "nixpkgs": "nixpkgs",
        "west2nix": "west2nix"
      }
    },
    "systems": {
      "locked": {
        "lastModified": 1681028828,
        "narHash": "sha256-Vy1rq5AaRuLzOxct8nz4T6wlgyUR7zLU309k9mBC768=",
        "owner": "nix-systems",
        "repo": "default",
        "rev": "da67096a3b9bf56a91d16901293e51ba5b49a27e",
        "type": "github"
      },
      "original": {
        "owner": "nix-systems",
        "repo": "default",
        "type": "github"
      }
    },
    "west2nix": {
      "inputs": {
        "nixpkgs": [
          "nixpkgs"
        ],
        "zephyr-nix": "zephyr-nix"
      },
      "locked": {
        "lastModified": 1753935156,
        "narHash": "sha256-D6iH0d67AmlB7k3QIjUvNo7NafzWy03HOHV5o4w251s=",
        "owner": "adisbladis",
        "repo": "west2nix",
        "rev": "f84670d66f881d9340b7d7626fbfe499438c134b",
        "type": "github"
      },
      "original": {
        "owner": "adisbladis",
        "repo": "west2nix",
        "type": "github"
      }
    },
    "zephyr": {
      "flake": false,
      "locked": {
        "lastModified": 1752880629,
        "narHash": "sha256-N5VgJMYJZCgTe3Qj59KVynxD0Gs5+qawXkH2geWTEE0=",
        "owner": "zephyrproject-rtos",
        "repo": "zephyr",
        "rev": "413b789deb391d3a37d06b463288a5fe765ee57e",
        "type": "github"
      },
      "original": {
        "owner": "zephyrproject-rtos",
        "ref": "v4.2.0",
        "repo": "zephyr",
        "type": "github"
      }
    },
    "zephyr-nix": {
      "inputs": {
        "nix-github-actions": "nix-github-actions",
        "nixpkgs": [
          "west2nix",
          "nixpkgs"
        ],
        "pyproject-nix": "pyproject-nix",
        "zephyr": "zephyr"
      },
      "locked": {
        "lastModified": 1753934984,
        "narHash": "sha256-1+5FO3Yg1bVz07mOr5XofwX1mT74nJc1fA/IEmqLBz0=",
        "owner": "adisbladis",
        "repo": "zephyr-nix",
        "rev": "d1d5f404a6109766ff41190d42e896d14f6eed1e",
        "type": "github"
      },
      "original": {
        "owner": "adisbladis",
        "repo": "zephyr-nix",
        "type": "github"
      }
    }
  },
  "root": "root",
  "version": 7
}
